
Microsoft Visual Studio Solution File, Format Version 12.00
# Visual Studio 15
VisualStudioVersion = 15.0.27130.2020
MinimumVisualStudioVersion = 10.0.40219.1
Project("{FAE04EC0-301F-11D3-BF4B-00C04F79EFBC}") = "TestWAD", "TestWAD\TestWAD.csproj", "{AE65BF0F-2905-4FA9-AEEF-0588C3B6962C}"
EndProject
Global
	GlobalSection(SolutionConfigurationPlatforms) = preSolution
		Debug|Any CPU = Debug|Any CPU
		Release|Any CPU = Release|Any CPU
	EndGlobalSection
	GlobalSection(ProjectConfigurationPlatforms) = postSolution
		{AE65BF0F-2905-4FA9-AEEF-0588C3B6962C}.Debug|Any CPU.ActiveCfg = Debug|Any CPU
		{AE65BF0F-2905-4FA9-AEEF-0588C3B6962C}.Debug|Any CPU.Build.0 = Debug|Any CPU
		{AE65BF0F-2905-4FA9-AEEF-0588C3B6962C}.Release|Any CPU.ActiveCfg = Release|Any CPU
		{AE65BF0F-2905-4FA9-AEEF-0588C3B6962C}.Release|Any CPU.Build.0 = Release|Any CPU
	EndGlobalSection
	GlobalSection(SolutionProperties) = preSolution
		HideSolutionNode = FALSE
	EndGlobalSection
	GlobalSection(ExtensibilityGlobals) = postSolution
		SolutionGuid = {4D2D04EB-31EB-4BA2-B3B2-EF4783E8C216}
	EndGlobalSection
EndGlobal
